
Microsoft Visual Studio Solution File, Format Version 12.00
# Visual Studio 15
VisualStudioVersion = 15.0.27703.2026
MinimumVisualStudioVersion = 10.0.40219.1
Project("{FAE04EC0-301F-11D3-BF4B-00C04F79EFBC}") = "Spider", "Spider\Spider.csproj", "{678C5A65-5FA0-480C-83AD-8F5E3958A646}"
EndProject
Global
	GlobalSection(SolutionConfigurationPlatforms) = preSolution
		Debug|Any CPU = Debug|Any CPU
		Release|Any CPU = Release|Any CPU
	EndGlobalSection
	GlobalSection(ProjectConfigurationPlatforms) = postSolution
		{678C5A65-5FA0-480C-83AD-8F5E3958A646}.Debug|Any CPU.ActiveCfg = Debug|Any CPU
		{678C5A65-5FA0-480C-83AD-8F5E3958A646}.Debug|Any CPU.Build.0 = Debug|Any CPU
		{678C5A65-5FA0-480C-83AD-8F5E3958A646}.Release|Any CPU.ActiveCfg = Release|Any CPU
		{678C5A65-5FA0-480C-83AD-8F5E3958A646}.Release|Any CPU.Build.0 = Release|Any CPU
	EndGlobalSection
	GlobalSection(SolutionProperties) = preSolution
		HideSolutionNode = FALSE
	EndGlobalSection
	GlobalSection(ExtensibilityGlobals) = postSolution
		SolutionGuid = {5AC0533C-CFC6-494B-83C4-5850132A9A6E}
	EndGlobalSection
EndGlobal
